
Microsoft Visual Studio Solution File, Format Version 12.00
# Visual Studio Version 17
VisualStudioVersion = 17.4.33122.133
MinimumVisualStudioVersion = 10.0.40219.1
Project("{FAE04EC0-301F-11D3-BF4B-00C04F79EFBC}") = "SP_Task2", "SP_Task2.csproj", "{29DBA6A2-1B91-4AAB-8207-168FAD70E7F1}"
EndProject
Global
	GlobalSection(SolutionConfigurationPlatforms) = preSolution
		Debug|Any CPU = Debug|Any CPU
		Release|Any CPU = Release|Any CPU
	EndGlobalSection
	GlobalSection(ProjectConfigurationPlatforms) = postSolution
		{29DBA6A2-1B91-4AAB-8207-168FAD70E7F1}.Debug|Any CPU.ActiveCfg = Debug|Any CPU
		{29DBA6A2-1B91-4AAB-8207-168FAD70E7F1}.Debug|Any CPU.Build.0 = Debug|Any CPU
		{29DBA6A2-1B91-4AAB-8207-168FAD70E7F1}.Release|Any CPU.ActiveCfg = Release|Any CPU
		{29DBA6A2-1B91-4AAB-8207-168FAD70E7F1}.Release|Any CPU.Build.0 = Release|Any CPU
	EndGlobalSection
	GlobalSection(SolutionProperties) = preSolution
		HideSolutionNode = FALSE
	EndGlobalSection
	GlobalSection(ExtensibilityGlobals) = postSolution
		SolutionGuid = {77BE74AA-851B-46D1-B5E5-1E0B0E2E715E}
	EndGlobalSection
EndGlobal
